<?xml version="1.0" encoding="utf-8"?>
<Project ToolsVersion="4.0" xmlns="http://schemas.microsoft.com/developer/msbuild/2003">
  <ItemGroup>
    <Filter Include="Source Files">
      <UniqueIdentifier>{4FC737F1-C7A5-4376-A066-2A32D752A2FF}</UniqueIdentifier>
      <Extensions>cpp;c;cc;cxx;c++;cppm;ixx;def;odl;idl;hpj;bat;asm;asmx</Extensions>
    </Filter>
    <Filter Include="Header Files">
      <UniqueIdentifier>{93995380-89BD-4b04-88EB-625FBE52EBFB}</UniqueIdentifier>
      <Extensions>h;hh;hpp;hxx;h++;hm;inl;inc;ipp;xsd</Extensions>
    </Filter>
    <Filter Include="Resource Files">
      <UniqueIdentifier>{67DA6AB6-F800-4c08-8B7A-83BB121AAD01}</UniqueIdentifier>
      <Extensions>rc;ico;cur;bmp;dlg;rc2;rct;bin;rgs;gif;jpg;jpeg;jpe;resx;tiff;tif;png;wav;mfcribbon-ms</Extensions>
    </Filter>
    <Filter Include="Resource Files\MW">
      <UniqueIdentifier>{59ed33fc-6fac-4f68-b5d2-4f699e3d6d8c}</UniqueIdentifier>
    </Filter>
    <Filter Include="Resource Files\MWS">
      <UniqueIdentifier>{bdccecef-e195-419d-bc69-3e6cbd25b526}</UniqueIdentifier>
    </Filter>
    <Filter Include="_EXTERNAL">
      <UniqueIdentifier>{18943b63-72b2-4304-b3a1-13e8e1f27f4b}</UniqueIdentifier>
    </Filter>
    <Filter Include="_EXTERNAL\imgui">
      <UniqueIdentifier>{06a6e934-c07f-4732-9e4f-509a3a04fc55}</UniqueIdentifier>
    </Filter>
    <Filter Include="UI">
      <UniqueIdentifier>{ee227413-6d51-4d4a-8edb-6ef95215be74}</UniqueIdentifier>
    </Filter>
    <Filter Include="Core">
      <UniqueIdentifier>{b0b91f8f-f214-4413-8e05-bad05dc31d90}</UniqueIdentifier>
    </Filter>
    <Filter Include="_GLOBALS">
      <UniqueIdentifier>{f382df3e-fa19-46a5-833c-e3e9df523593}</UniqueIdentifier>
    </Filter>
  </ItemGroup>
  <ItemGroup>
    <ClInclude Include="src\thirdparty\imgui\imconfig.h">
      <Filter>_EXTERNAL\imgui</Filter>
    </ClInclude>
    <ClInclude Include="src\thirdparty\imgui\imgui.h">
      <Filter>_EXTERNAL\imgui</Filter>
    </ClInclude>
    <ClInclude Include="src\thirdparty\imgui\imgui_internal.h">
      <Filter>_EXTERNAL\imgui</Filter>
    </ClInclude>
    <ClInclude Include="src\thirdparty\imgui\imstb_rectpack.h">
      <Filter>_EXTERNAL\imgui</Filter>
    </ClInclude>
    <ClInclude Include="src\thirdparty\imgui\imstb_textedit.h">
      <Filter>_EXTERNAL\imgui</Filter>
    </ClInclude>
    <ClInclude Include="src\thirdparty\imgui\imstb_truetype.h">
      <Filter>_EXTERNAL\imgui</Filter>
    </ClInclude>
    <ClInclude Include="src\thirdparty\Nexus\Nexus.h">
      <Filter>_EXTERNAL</Filter>
    </ClInclude>
    <ClInclude Include="src\thirdparty\Mumble\Mumble.h">
      <Filter>_EXTERNAL</Filter>
    </ClInclude>
    <ClInclude Include="src\resource.h">
      <Filter>Resource Files</Filter>
    </ClInclude>
    <ClInclude Include="src\Version.h">
      <Filter>_GLOBALS</Filter>
    </ClInclude>
    <ClInclude Include="src\Shared.h">
      <Filter>_GLOBALS</Filter>
    </ClInclude>
    <ClInclude Include="src\Remote.h">
      <Filter>_GLOBALS</Filter>
    </ClInclude>
    <ClInclude Include="src\imgui_extensions.h">
      <Filter>_EXTERNAL\imgui</Filter>
    </ClInclude>
    <ClInclude Include="src\Core\RadialMenu.h">
      <Filter>Core</Filter>
    </ClInclude>
    <ClInclude Include="src\Core\ERadialMenuType.h">
      <Filter>Core</Filter>
    </ClInclude>
    <ClInclude Include="src\Core\ERadialItemAction.h">
      <Filter>Core</Filter>
    </ClInclude>
  </ItemGroup>
  <ItemGroup>
    <ClCompile Include="src\Shared.cpp">
      <Filter>Source Files</Filter>
    </ClCompile>
    <ClCompile Include="src\thirdparty\imgui\imgui.cpp">
      <Filter>_EXTERNAL\imgui</Filter>
    </ClCompile>
    <ClCompile Include="src\thirdparty\imgui\imgui_demo.cpp">
      <Filter>_EXTERNAL\imgui</Filter>
    </ClCompile>
    <ClCompile Include="src\thirdparty\imgui\imgui_draw.cpp">
      <Filter>_EXTERNAL\imgui</Filter>
    </ClCompile>
    <ClCompile Include="src\thirdparty\imgui\imgui_tables.cpp">
      <Filter>_EXTERNAL\imgui</Filter>
    </ClCompile>
    <ClCompile Include="src\thirdparty\imgui\imgui_widgets.cpp">
      <Filter>_EXTERNAL\imgui</Filter>
    </ClCompile>
    <ClCompile Include="src\entry.cpp">
      <Filter>Source Files</Filter>
    </ClCompile>
    <ClCompile Include="src\Core\RadialMenu.cpp">
      <Filter>Core</Filter>
    </ClCompile>
  </ItemGroup>
  <ItemGroup>
    <Image Include="src\Resources\MW_5_SELECTOR.png">
      <Filter>Resource Files\MW</Filter>
    </Image>
    <Image Include="src\Resources\MW_6_SELECTOR.png">
      <Filter>Resource Files\MW</Filter>
    </Image>
    <Image Include="src\Resources\MW_7_SELECTOR.png">
      <Filter>Resource Files\MW</Filter>
    </Image>
    <Image Include="src\Resources\MW_8_SELECTOR.png">
      <Filter>Resource Files\MW</Filter>
    </Image>
    <Image Include="src\Resources\MW_9_SELECTOR.png">
      <Filter>Resource Files\MW</Filter>
    </Image>
    <Image Include="src\Resources\MW_10_SELECTOR.png">
      <Filter>Resource Files\MW</Filter>
    </Image>
    <Image Include="src\Resources\MW_11_SELECTOR.png">
      <Filter>Resource Files\MW</Filter>
    </Image>
    <Image Include="src\Resources\MW_12_SELECTOR.png">
      <Filter>Resource Files\MW</Filter>
    </Image>
    <Image Include="src\Resources\MW_BASE.png">
      <Filter>Resource Files\MW</Filter>
    </Image>
    <Image Include="src\Resources\MW_2_SELECTOR.png">
      <Filter>Resource Files\MW</Filter>
    </Image>
    <Image Include="src\Resources\MW_3_SELECTOR.png">
      <Filter>Resource Files\MW</Filter>
    </Image>
    <Image Include="src\Resources\MW_4_SELECTOR.png">
      <Filter>Resource Files\MW</Filter>
    </Image>
    <Image Include="src\Resources\MWS_2_SELECTOR.png">
      <Filter>Resource Files\MWS</Filter>
    </Image>
    <Image Include="src\Resources\MWS_3_SELECTOR.png">
      <Filter>Resource Files\MWS</Filter>
    </Image>
    <Image Include="src\Resources\MWS_4_SELECTOR.png">
      <Filter>Resource Files\MWS</Filter>
    </Image>
    <Image Include="src\Resources\MWS_5_SELECTOR.png">
      <Filter>Resource Files\MWS</Filter>
    </Image>
    <Image Include="src\Resources\MWS_6_SELECTOR.png">
      <Filter>Resource Files\MWS</Filter>
    </Image>
    <Image Include="src\Resources\MWS_7_SELECTOR.png">
      <Filter>Resource Files\MWS</Filter>
    </Image>
    <Image Include="src\Resources\MWS_8_SELECTOR.png">
      <Filter>Resource Files\MWS</Filter>
    </Image>
    <Image Include="src\Resources\MWS_BASE.png">
      <Filter>Resource Files\MWS</Filter>
    </Image>
    <Image Include="src\Resources\MWS_DIVIDER.png">
      <Filter>Resource Files\MWS</Filter>
    </Image>
  </ItemGroup>
  <ItemGroup>
    <ResourceCompile Include="src\GW2-RadialMenus.rc">
      <Filter>Resource Files</Filter>
    </ResourceCompile>
  </ItemGroup>
</Project>